// !$*UTF8*$!
{
	archiveVersion = 1;
	classes = {
	};
	objectVersion = 46;
	objects = {

/* Begin PBXBuildFile section */
		6AB77D431AE03ADE00198EC2 /* KiddoTweenColor.m in Sources */ = {isa = PBXBuildFile; fileRef = 6AB77D421AE03ADE00198EC2 /* KiddoTweenColor.m */; };
		6AD9F7701AD83CDA000468F6 /* main.m in Sources */ = {isa = PBXBuildFile; fileRef = 6AD9F76F1AD83CDA000468F6 /* main.m */; };
		6AD9F7731AD83CDA000468F6 /* AppDelegate.m in Sources */ = {isa = PBXBuildFile; fileRef = 6AD9F7721AD83CDA000468F6 /* AppDelegate.m */; };
		6AD9F7761AD83CDA000468F6 /* MasterViewController.m in Sources */ = {isa = PBXBuildFile; fileRef = 6AD9F7751AD83CDA000468F6 /* MasterViewController.m */; };
		6AD9F7791AD83CDA000468F6 /* DetailViewController.m in Sources */ = {isa = PBXBuildFile; fileRef = 6AD9F7781AD83CDA000468F6 /* DetailViewController.m */; };
		6AD9F77C1AD83CDA000468F6 /* Main.storyboard in Resources */ = {isa = PBXBuildFile; fileRef = 6AD9F77A1AD83CDA000468F6 /* Main.storyboard */; };
		6AD9F77E1AD83CDA000468F6 /* Images.xcassets in Resources */ = {isa = PBXBuildFile; fileRef = 6AD9F77D1AD83CDA000468F6 /* Images.xcassets */; };
		6AD9F7811AD83CDA000468F6 /* LaunchScreen.xib in Resources */ = {isa = PBXBuildFile; fileRef = 6AD9F77F1AD83CDA000468F6 /* LaunchScreen.xib */; };
		6AD9F78D1AD83CDA000468F6 /* TesteTests.m in Sources */ = {isa = PBXBuildFile; fileRef = 6AD9F78C1AD83CDA000468F6 /* TesteTests.m */; };
/* End PBXBuildFile section */

/* Begin PBXContainerItemProxy section */
		6AD9F7871AD83CDA000468F6 /* PBXContainerItemProxy */ = {
			isa = PBXContainerItemProxy;
			containerPortal = 6AD9F7621AD83CDA000468F6 /* Project object */;
			proxyType = 1;
			remoteGlobalIDString = 6AD9F7691AD83CDA000468F6;
			remoteInfo = Teste;
		};
/* End PBXContainerItemProxy section */

/* Begin PBXFileReference section */
		6AB77D421AE03ADE00198EC2 /* KiddoTweenColor.m */ = {isa = PBXFileReference; fileEncoding = 4; lastKnownFileType = sourcecode.c.objc; path = KiddoTweenColor.m; sourceTree = "<group>"; };
		6AB77D451AE03B0600198EC2 /* KiddoTweenColor.h */ = {isa = PBXFileReference; lastKnownFileType = sourcecode.c.h; path = KiddoTweenColor.h; sourceTree = "<group>"; };
		6AD9F76A1AD83CDA000468F6 /* Teste.app */ = {isa = PBXFileReference; explicitFileType = wrapper.application; includeInIndex = 0; path = Teste.app; sourceTree = BUILT_PRODUCTS_DIR; };
		6AD9F76E1AD83CDA000468F6 /* Info.plist */ = {isa = PBXFileReference; lastKnownFileType = text.plist.xml; path = Info.plist; sourceTree = "<group>"; };
		6AD9F76F1AD83CDA000468F6 /* main.m */ = {isa = PBXFileReference; lastKnownFileType = sourcecode.c.objc; path = main.m; sourceTree = "<group>"; };
		6AD9F7711AD83CDA000468F6 /* AppDelegate.h */ = {isa = PBXFileReference; lastKnownFileType = sourcecode.c.h; path = AppDelegate.h; sourceTree = "<group>"; };
		6AD9F7721AD83CDA000468F6 /* AppDelegate.m */ = {isa = PBXFileReference; lastKnownFileType = sourcecode.c.objc; path = AppDelegate.m; sourceTree = "<group>"; };
		6AD9F7741AD83CDA000468F6 /* MasterViewController.h */ = {isa = PBXFileReference; lastKnownFileType = sourcecode.c.h; path = MasterViewController.h; sourceTree = "<group>"; };
		6AD9F7751AD83CDA000468F6 /* MasterViewController.m */ = {isa = PBXFileReference; lastKnownFileType = sourcecode.c.objc; path = MasterViewController.m; sourceTree = "<group>"; };
		6AD9F7771AD83CDA000468F6 /* DetailViewController.h */ = {isa = PBXFileReference; lastKnownFileType = sourcecode.c.h; path = DetailViewController.h; sourceTree = "<group>"; };
		6AD9F7781AD83CDA000468F6 /* DetailViewController.m */ = {isa = PBXFileReference; lastKnownFileType = sourcecode.c.objc; path = DetailViewController.m; sourceTree = "<group>"; };
		6AD9F77B1AD83CDA000468F6 /* Base */ = {isa = PBXFileReference; lastKnownFileType = file.storyboard; name = Base; path = Base.lproj/Main.storyboard; sourceTree = "<group>"; };
		6AD9F77D1AD83CDA000468F6 /* Images.xcassets */ = {isa = PBXFileReference; lastKnownFileType = folder.assetcatalog; path = Images.xcassets; sourceTree = "<group>"; };
		6AD9F7801AD83CDA000468F6 /* Base */ = {isa = PBXFileReference; lastKnownFileType = file.xib; name = Base; path = Base.lproj/LaunchScreen.xib; sourceTree = "<group>"; };
		6AD9F7861AD83CDA000468F6 /* TesteTests.xctest */ = {isa = PBXFileReference; explicitFileType = wrapper.cfbundle; includeInIndex = 0; path = TesteTests.xctest; sourceTree = BUILT_PRODUCTS_DIR; };
		6AD9F78B1AD83CDA000468F6 /* Info.plist */ = {isa = PBXFileReference; lastKnownFileType = text.plist.xml; path = Info.plist; sourceTree = "<group>"; };
		6AD9F78C1AD83CDA000468F6 /* TesteTests.m */ = {isa = PBXFileReference; lastKnownFileType = sourcecode.c.objc; path = TesteTests.m; sourceTree = "<group>"; };
/* End PBXFileReference section */

/* Begin PBXFrameworksBuildPhase section */
		6AD9F7671AD83CDA000468F6 /* Frameworks */ = {
			isa = PBXFrameworksBuildPhase;
			buildActionMask = 2147483647;
			files = (
			);
			runOnlyForDeploymentPostprocessing = 0;
		};
		6AD9F7831AD83CDA000468F6 /* Frameworks */ = {
			isa = PBXFrameworksBuildPhase;
			buildActionMask = 2147483647;
			files = (
			);
			runOnlyForDeploymentPostprocessing = 0;
		};
/* End PBXFrameworksBuildPhase section */

/* Begin PBXGroup section */
		6AB77D461AE0429B00198EC2 /* TweenColor */ = {
			isa = PBXGroup;
			children = (
				6AB77D421AE03ADE00198EC2 /* KiddoTweenColor.m */,
				6AB77D451AE03B0600198EC2 /* KiddoTweenColor.h */,
			);
			name = TweenColor;
			sourceTree = "<group>";
		};
		6AD9F7611AD83CDA000468F6 = {
			isa = PBXGroup;
			children = (
				6AD9F76C1AD83CDA000468F6 /* Teste */,
				6AD9F7891AD83CDA000468F6 /* TesteTests */,
				6AD9F76B1AD83CDA000468F6 /* Products */,
			);
			sourceTree = "<group>";
		};
		6AD9F76B1AD83CDA000468F6 /* Products */ = {
			isa = PBXGroup;
			children = (
				6AD9F76A1AD83CDA000468F6 /* Teste.app */,
				6AD9F7861AD83CDA000468F6 /* TesteTests.xctest */,
			);
			name = Products;
			sourceTree = "<group>";
		};
		6AD9F76C1AD83CDA000468F6 /* Teste */ = {
			isa = PBXGroup;
			children = (
				6AB77D461AE0429B00198EC2 /* TweenColor */,
				6AD9F7711AD83CDA000468F6 /* AppDelegate.h */,
				6AD9F7721AD83CDA000468F6 /* AppDelegate.m */,
				6AD9F7741AD83CDA000468F6 /* MasterViewController.h */,
				6AD9F7751AD83CDA000468F6 /* MasterViewController.m */,
				6AD9F7771AD83CDA000468F6 /* DetailViewController.h */,
				6AD9F7781AD83CDA000468F6 /* DetailViewController.m */,
				6AD9F77A1AD83CDA000468F6 /* Main.storyboard */,
				6AD9F77D1AD83CDA000468F6 /* Images.xcassets */,
				6AD9F77F1AD83CDA000468F6 /* LaunchScreen.xib */,
				6AD9F76D1AD83CDA000468F6 /* Supporting Files */,
			);
			path = Teste;
			sourceTree = "<group>";
		};
		6AD9F76D1AD83CDA000468F6 /* Supporting Files */ = {
			isa = PBXGroup;
			children = (
				6AD9F76E1AD83CDA000468F6 /* Info.plist */,
				6AD9F76F1AD83CDA000468F6 /* main.m */,
			);
			name = "Supporting Files";
			sourceTree = "<group>";
		};
		6AD9F7891AD83CDA000468F6 /* TesteTests */ = {
			isa = PBXGroup;
			children = (
				6AD9F78C1AD83CDA000468F6 /* TesteTests.m */,
				6AD9F78A1AD83CDA000468F6 /* Supporting Files */,
			);
			path = TesteTests;
			sourceTree = "<group>";
		};
		6AD9F78A1AD83CDA000468F6 /* Supporting Files */ = {
			isa = PBXGroup;
			children = (
				6AD9F78B1AD83CDA000468F6 /* Info.plist */,
			);
			name = "Supporting Files";
			sourceTree = "<group>";
		};
/* End PBXGroup section */

/* Begin PBXNativeTarget section */
		6AD9F7691AD83CDA000468F6 /* Teste */ = {
			isa = PBXNativeTarget;
			buildConfigurationList = 6AD9F7901AD83CDA000468F6 /* Build configuration list for PBXNativeTarget "Teste" */;
			buildPhases = (
				6AD9F7661AD83CDA000468F6 /* Sources */,
				6AD9F7671AD83CDA000468F6 /* Frameworks */,
				6AD9F7681AD83CDA000468F6 /* Resources */,
			);
			buildRules = (
			);
			dependencies = (
			);
			name = Teste;
			productName = Teste;
			productReference = 6AD9F76A1AD83CDA000468F6 /* Teste.app */;
			productType = "com.apple.product-type.application";
		};
		6AD9F7851AD83CDA000468F6 /* TesteTests */ = {
			isa = PBXNativeTarget;
			buildConfigurationList = 6AD9F7931AD83CDA000468F6 /* Build configuration list for PBXNativeTarget "TesteTests" */;
			buildPhases = (
				6AD9F7821AD83CDA000468F6 /* Sources */,
				6AD9F7831AD83CDA000468F6 /* Frameworks */,
				6AD9F7841AD83CDA000468F6 /* Resources */,
			);
			buildRules = (
			);
			dependencies = (
				6AD9F7881AD83CDA000468F6 /* PBXTargetDependency */,
			);
			name = TesteTests;
			productName = TesteTests;
			productReference = 6AD9F7861AD83CDA000468F6 /* TesteTests.xctest */;
			productType = "com.apple.product-type.bundle.unit-test";
		};
/* End PBXNativeTarget section */

/* Begin PBXProject section */
		6AD9F7621AD83CDA000468F6 /* Project object */ = {
			isa = PBXProject;
			attributes = {
				LastUpgradeCheck = 0620;
				ORGANIZATIONNAME = "Kiddo Labs";
				TargetAttributes = {
					6AD9F7691AD83CDA000468F6 = {
						CreatedOnToolsVersion = 6.2;
					};
					6AD9F7851AD83CDA000468F6 = {
						CreatedOnToolsVersion = 6.2;
						TestTargetID = 6AD9F7691AD83CDA000468F6;
					};
				};
			};
			buildConfigurationList = 6AD9F7651AD83CDA000468F6 /* Build configuration list for PBXProject "Teste" */;
			compatibilityVersion = "Xcode 3.2";
			developmentRegion = English;
			hasScannedForEncodings = 0;
			knownRegions = (
				en,
				Base,
			);
			mainGroup = 6AD9F7611AD83CDA000468F6;
			productRefGroup = 6AD9F76B1AD83CDA000468F6 /* Products */;
			projectDirPath = "";
			projectRoot = "";
			targets = (
				6AD9F7691AD83CDA000468F6 /* Teste */,
				6AD9F7851AD83CDA000468F6 /* TesteTests */,
			);
		};
/* End PBXProject section */

/* Begin PBXResourcesBuildPhase section */
		6AD9F7681AD83CDA000468F6 /* Resources */ = {
			isa = PBXResourcesBuildPhase;
			buildActionMask = 2147483647;
			files = (
				6AD9F77C1AD83CDA000468F6 /* Main.storyboard in Resources */,
				6AD9F7811AD83CDA000468F6 /* LaunchScreen.xib in Resources */,
				6AD9F77E1AD83CDA000468F6 /* Images.xcassets in Resources */,
			);
			runOnlyForDeploymentPostprocessing = 0;
		};
		6AD9F7841AD83CDA000468F6 /* Resources */ = {
			isa = PBXResourcesBuildPhase;
			buildActionMask = 2147483647;
			files = (
			);
			runOnlyForDeploymentPostprocessing = 0;
		};
/* End PBXResourcesBuildPhase section */

/* Begin PBXSourcesBuildPhase section */
		6AD9F7661AD83CDA000468F6 /* Sources */ = {
			isa = PBXSourcesBuildPhase;
			buildActionMask = 2147483647;
			files = (
				6AD9F7731AD83CDA000468F6 /* AppDelegate.m in Sources */,
				6AB77D431AE03ADE00198EC2 /* KiddoTweenColor.m in Sources */,
				6AD9F7761AD83CDA000468F6 /* MasterViewController.m in Sources */,
				6AD9F7701AD83CDA000468F6 /* main.m in Sources */,
				6AD9F7791AD83CDA000468F6 /* DetailViewController.m in Sources */,
			);
			runOnlyForDeploymentPostprocessing = 0;
		};
		6AD9F7821AD83CDA000468F6 /* Sources */ = {
			isa = PBXSourcesBuildPhase;
			buildActionMask = 2147483647;
			files = (
				6AD9F78D1AD83CDA000468F6 /* TesteTests.m in Sources */,
			);
			runOnlyForDeploymentPostprocessing = 0;
		};
/* End PBXSourcesBuildPhase section */

/* Begin PBXTargetDependency section */
		6AD9F7881AD83CDA000468F6 /* PBXTargetDependency */ = {
			isa = PBXTargetDependency;
			target = 6AD9F7691AD83CDA000468F6 /* Teste */;
			targetProxy = 6AD9F7871AD83CDA000468F6 /* PBXContainerItemProxy */;
		};
/* End PBXTargetDependency section */

/* Begin PBXVariantGroup section */
		6AD9F77A1AD83CDA000468F6 /* Main.storyboard */ = {
			isa = PBXVariantGroup;
			children = (
				6AD9F77B1AD83CDA000468F6 /* Base */,
			);
			name = Main.storyboard;
			sourceTree = "<group>";
		};
		6AD9F77F1AD83CDA000468F6 /* LaunchScreen.xib */ = {
			isa = PBXVariantGroup;
			children = (
				6AD9F7801AD83CDA000468F6 /* Base */,
			);
			name = LaunchScreen.xib;
			sourceTree = "<group>";
		};
/* End PBXVariantGroup section */

/* Begin XCBuildConfiguration section */
		6AD9F78E1AD83CDA000468F6 /* Debug */ = {
			isa = XCBuildConfiguration;
			buildSettings = {
				ALWAYS_SEARCH_USER_PATHS = NO;
				CLANG_CXX_LANGUAGE_STANDARD = "gnu++0x";
				CLANG_CXX_LIBRARY = "libc++";
				CLANG_ENABLE_MODULES = YES;
				CLANG_ENABLE_OBJC_ARC = YES;
				CLANG_WARN_BOOL_CONVERSION = YES;
				CLANG_WARN_CONSTANT_CONVERSION = YES;
				CLANG_WARN_DIRECT_OBJC_ISA_USAGE = YES_ERROR;
				CLANG_WARN_EMPTY_BODY = YES;
				CLANG_WARN_ENUM_CONVERSION = YES;
				CLANG_WARN_INT_CONVERSION = YES;
				CLANG_WARN_OBJC_ROOT_CLASS = YES_ERROR;
				CLANG_WARN_UNREACHABLE_CODE = YES;
				CLANG_WARN__DUPLICATE_METHOD_MATCH = YES;
				"CODE_SIGN_IDENTITY[sdk=iphoneos*]" = "iPhone Developer";
				COPY_PHASE_STRIP = NO;
				ENABLE_STRICT_OBJC_MSGSEND = YES;
				GCC_C_LANGUAGE_STANDARD = gnu99;
				GCC_DYNAMIC_NO_PIC = NO;
				GCC_OPTIMIZATION_LEVEL = 0;
				GCC_PREPROCESSOR_DEFINITIONS = (
					"DEBUG=1",
					"$(inherited)",
				);
				GCC_SYMBOLS_PRIVATE_EXTERN = NO;
				GCC_WARN_64_TO_32_BIT_CONVERSION = YES;
				GCC_WARN_ABOUT_RETURN_TYPE = YES_ERROR;
				GCC_WARN_UNDECLARED_SELECTOR = YES;
				GCC_WARN_UNINITIALIZED_AUTOS = YES_AGGRESSIVE;
				GCC_WARN_UNUSED_FUNCTION = YES;
				GCC_WARN_UNUSED_VARIABLE = YES;
				IPHONEOS_DEPLOYMENT_TARGET = 8.2;
				MTL_ENABLE_DEBUG_INFO = YES;
				ONLY_ACTIVE_ARCH = YES;
				SDKROOT = iphoneos;
				TARGETED_DEVICE_FAMILY = "1,2";
			};
			name = Debug;
		};
		6AD9F78F1AD83CDA000468F6 /* Release */ = {
			isa = XCBuildConfiguration;
			buildSettings = {
				ALWAYS_SEARCH_USER_PATHS = NO;
				CLANG_CXX_LANGUAGE_STANDARD = "gnu++0x";
				CLANG_CXX_LIBRARY = "libc++";
				CLANG_ENABLE_MODULES = YES;
				CLANG_ENABLE_OBJC_ARC = YES;
				CLANG_WARN_BOOL_CONVERSION = YES;
				CLANG_WARN_CONSTANT_CONVERSION = YES;
				CLANG_WARN_DIRECT_OBJC_ISA_USAGE = YES_ERROR;
				CLANG_WARN_EMPTY_BODY = YES;
				CLANG_WARN_ENUM_CONVERSION = YES;
				CLANG_WARN_INT_CONVERSION = YES;
				CLANG_WARN_OBJC_ROOT_CLASS = YES_ERROR;
				CLANG_WARN_UNREACHABLE_CODE = YES;
				CLANG_WARN__DUPLICATE_METHOD_MATCH = YES;
				"CODE_SIGN_IDENTITY[sdk=iphoneos*]" = "iPhone Developer";
				COPY_PHASE_STRIP = NO;
				ENABLE_NS_ASSERTIONS = NO;
				ENABLE_STRICT_OBJC_MSGSEND = YES;
				GCC_C_LANGUAGE_STANDARD = gnu99;
				GCC_WARN_64_TO_32_BIT_CONVERSION = YES;
				GCC_WARN_ABOUT_RETURN_TYPE = YES_ERROR;
				GCC_WARN_UNDECLARED_SELECTOR = YES;
				GCC_WARN_UNINITIALIZED_AUTOS = YES_AGGRESSIVE;
				GCC_WARN_UNUSED_FUNCTION = YES;
				GCC_WARN_UNUSED_VARIABLE = YES;
				IPHONEOS_DEPLOYMENT_TARGET = 8.2;
				MTL_ENABLE_DEBUG_INFO = NO;
				SDKROOT = iphoneos;
				TARGETED_DEVICE_FAMILY = "1,2";
				VALIDATE_PRODUCT = YES;
			};
			name = Release;
		};
		6AD9F7911AD83CDA000468F6 /* Debug */ = {
			isa = XCBuildConfiguration;
			buildSettings = {
				ASSETCATALOG_COMPILER_APPICON_NAME = AppIcon;
				INFOPLIST_FILE = Teste/Info.plist;
				LD_RUNPATH_SEARCH_PATHS = "$(inherited) @executable_path/Frameworks";
				PRODUCT_NAME = "$(TARGET_NAME)";
			};
			name = Debug;
		};
		6AD9F7921AD83CDA000468F6 /* Release */ = {
			isa = XCBuildConfiguration;
			buildSettings = {
				ASSETCATALOG_COMPILER_APPICON_NAME = AppIcon;
				INFOPLIST_FILE = Teste/Info.plist;
				LD_RUNPATH_SEARCH_PATHS = "$(inherited) @executable_path/Frameworks";
				PRODUCT_NAME = "$(TARGET_NAME)";
			};
			name = Release;
		};
		6AD9F7941AD83CDA000468F6 /* Debug */ = {
			isa = XCBuildConfiguration;
			buildSettings = {
				BUNDLE_LOADER = "$(TEST_HOST)";
				FRAMEWORK_SEARCH_PATHS = (
					"$(SDKROOT)/Developer/Library/Frameworks",
					"$(inherited)",
				);
				GCC_PREPROCESSOR_DEFINITIONS = (
					"DEBUG=1",
					"$(inherited)",
				);
				INFOPLIST_FILE = TesteTests/Info.plist;
				LD_RUNPATH_SEARCH_PATHS = "$(inherited) @executable_path/Frameworks @loader_path/Frameworks";
				PRODUCT_NAME = "$(TARGET_NAME)";
				TEST_HOST = "$(BUILT_PRODUCTS_DIR)/Teste.app/Teste";
			};
			name = Debug;
		};
		6AD9F7951AD83CDA000468F6 /* Release */ = {
			isa = XCBuildConfiguration;
			buildSettings = {
				BUNDLE_LOADER = "$(TEST_HOST)";
				FRAMEWORK_SEARCH_PATHS = (
					"$(SDKROOT)/Developer/Library/Frameworks",
					"$(inherited)",
				);
				INFOPLIST_FILE = TesteTests/Info.plist;
				LD_RUNPATH_SEARCH_PATHS = "$(inherited) @executable_path/Frameworks @loader_path/Frameworks";
				PRODUCT_NAME = "$(TARGET_NAME)";
				TEST_HOST = "$(BUILT_PRODUCTS_DIR)/Teste.app/Teste";
			};
			name = Release;
		};
/* End XCBuildConfiguration section */

/* Begin XCConfigurationList section */
		6AD9F7651AD83CDA000468F6 /* Build configuration list for PBXProject "Teste" */ = {
			isa = XCConfigurationList;
			buildConfigurations = (
				6AD9F78E1AD83CDA000468F6 /* Debug */,
				6AD9F78F1AD83CDA000468F6 /* Release */,
			);
			defaultConfigurationIsVisible = 0;
			defaultConfigurationName = Release;
		};
		6AD9F7901AD83CDA000468F6 /* Build configuration list for PBXNativeTarget "Teste" */ = {
			isa = XCConfigurationList;
			buildConfigurations = (
				6AD9F7911AD83CDA000468F6 /* Debug */,
				6AD9F7921AD83CDA000468F6 /* Release */,
			);
			defaultConfigurationIsVisible = 0;
			defaultConfigurationName = Release;
		};
		6AD9F7931AD83CDA000468F6 /* Build configuration list for PBXNativeTarget "TesteTests" */ = {
			isa = XCConfigurationList;
			buildConfigurations = (
				6AD9F7941AD83CDA000468F6 /* Debug */,
				6AD9F7951AD83CDA000468F6 /* Release */,
			);
			defaultConfigurationIsVisible = 0;
			defaultConfigurationName = Release;
		};
/* End XCConfigurationList section */
	};
	rootObject = 6AD9F7621AD83CDA000468F6 /* Project object */;
}
